
Microsoft Visual Studio Solution File, Format Version 12.00
# Visual Studio Version 17
VisualStudioVersion = 17.1.32210.238
MinimumVisualStudioVersion = 10.0.40219.1
Project("{FAE04EC0-301F-11D3-BF4B-00C04F79EFBC}") = "Uppgift 3.14", "Uppgift 3.14\Uppgift 3.14.csproj", "{2A19F5B5-A186-4028-AC26-E8C4651C8EAC}"
EndProject
Global
	GlobalSection(SolutionConfigurationPlatforms) = preSolution
		Debug|Any CPU = Debug|Any CPU
		Release|Any CPU = Release|Any CPU
	EndGlobalSection
	GlobalSection(ProjectConfigurationPlatforms) = postSolution
		{2A19F5B5-A186-4028-AC26-E8C4651C8EAC}.Debug|Any CPU.ActiveCfg = Debug|Any CPU
		{2A19F5B5-A186-4028-AC26-E8C4651C8EAC}.Debug|Any CPU.Build.0 = Debug|Any CPU
		{2A19F5B5-A186-4028-AC26-E8C4651C8EAC}.Release|Any CPU.ActiveCfg = Release|Any CPU
		{2A19F5B5-A186-4028-AC26-E8C4651C8EAC}.Release|Any CPU.Build.0 = Release|Any CPU
	EndGlobalSection
	GlobalSection(SolutionProperties) = preSolution
		HideSolutionNode = FALSE
	EndGlobalSection
	GlobalSection(ExtensibilityGlobals) = postSolution
		SolutionGuid = {801F1DF3-2721-49B3-BA36-DDA7E7A9B251}
	EndGlobalSection
EndGlobal
